
Microsoft Visual Studio Solution File, Format Version 12.00
# Visual Studio Version 17
VisualStudioVersion = 17.0.32112.339
MinimumVisualStudioVersion = 10.0.40219.1
Project("{9A19103F-16F7-4668-BE54-9A1E7A4F7556}") = "eshop webapi", "eshop webapi\eshop webapi.csproj", "{24F134B1-AECE-4DCF-8193-8CAB9CA8AAD1}"
EndProject
Project("{9A19103F-16F7-4668-BE54-9A1E7A4F7556}") = "EShopApi.Test", "EShopApi.Test\EShopApi.Test.csproj", "{AC840C4B-FE4E-4684-9A90-EE97ACBC3809}"
EndProject
Project("{9A19103F-16F7-4668-BE54-9A1E7A4F7556}") = "WebClient", "WebClient\WebClient.csproj", "{4EBC1FA3-A0B9-40D5-BAAE-9F1FDA12EC7C}"
EndProject
Project("{FAE04EC0-301F-11D3-BF4B-00C04F79EFBC}") = "PolymorphismConsole", "Polymorphism\PolymorphismConsole.csproj", "{4A4ECE9A-B782-4F63-8611-8F3F5C84DA4D}"
EndProject
Project("{2150E333-8FDC-42A3-9474-1A3956D46DE8}") = "eshop", "eshop", "{621ABA4C-EDD2-4826-9E33-04343A2ED62B}"
EndProject
Project("{2150E333-8FDC-42A3-9474-1A3956D46DE8}") = "Polymorphism", "Polymorphism", "{0B79D59E-A32F-4E46-A6C4-3E392FDE9E0D}"
EndProject
Project("{FAE04EC0-301F-11D3-BF4B-00C04F79EFBC}") = "PolymorphismTests", "PolymorphismTests\PolymorphismTests.csproj", "{8F2078C5-4B93-48BC-81E0-DA4AFEF46402}"
EndProject
Global
	GlobalSection(SolutionConfigurationPlatforms) = preSolution
		Debug|Any CPU = Debug|Any CPU
		Release|Any CPU = Release|Any CPU
	EndGlobalSection
	GlobalSection(ProjectConfigurationPlatforms) = postSolution
		{24F134B1-AECE-4DCF-8193-8CAB9CA8AAD1}.Debug|Any CPU.ActiveCfg = Debug|Any CPU
		{24F134B1-AECE-4DCF-8193-8CAB9CA8AAD1}.Debug|Any CPU.Build.0 = Debug|Any CPU
		{24F134B1-AECE-4DCF-8193-8CAB9CA8AAD1}.Release|Any CPU.ActiveCfg = Release|Any CPU
		{24F134B1-AECE-4DCF-8193-8CAB9CA8AAD1}.Release|Any CPU.Build.0 = Release|Any CPU
		{AC840C4B-FE4E-4684-9A90-EE97ACBC3809}.Debug|Any CPU.ActiveCfg = Debug|Any CPU
		{AC840C4B-FE4E-4684-9A90-EE97ACBC3809}.Debug|Any CPU.Build.0 = Debug|Any CPU
		{AC840C4B-FE4E-4684-9A90-EE97ACBC3809}.Release|Any CPU.ActiveCfg = Release|Any CPU
		{AC840C4B-FE4E-4684-9A90-EE97ACBC3809}.Release|Any CPU.Build.0 = Release|Any CPU
		{4EBC1FA3-A0B9-40D5-BAAE-9F1FDA12EC7C}.Debug|Any CPU.ActiveCfg = Debug|Any CPU
		{4EBC1FA3-A0B9-40D5-BAAE-9F1FDA12EC7C}.Debug|Any CPU.Build.0 = Debug|Any CPU
		{4EBC1FA3-A0B9-40D5-BAAE-9F1FDA12EC7C}.Release|Any CPU.ActiveCfg = Release|Any CPU
		{4EBC1FA3-A0B9-40D5-BAAE-9F1FDA12EC7C}.Release|Any CPU.Build.0 = Release|Any CPU
		{4A4ECE9A-B782-4F63-8611-8F3F5C84DA4D}.Debug|Any CPU.ActiveCfg = Debug|Any CPU
		{4A4ECE9A-B782-4F63-8611-8F3F5C84DA4D}.Debug|Any CPU.Build.0 = Debug|Any CPU
		{4A4ECE9A-B782-4F63-8611-8F3F5C84DA4D}.Release|Any CPU.ActiveCfg = Release|Any CPU
		{4A4ECE9A-B782-4F63-8611-8F3F5C84DA4D}.Release|Any CPU.Build.0 = Release|Any CPU
		{8F2078C5-4B93-48BC-81E0-DA4AFEF46402}.Debug|Any CPU.ActiveCfg = Debug|Any CPU
		{8F2078C5-4B93-48BC-81E0-DA4AFEF46402}.Debug|Any CPU.Build.0 = Debug|Any CPU
		{8F2078C5-4B93-48BC-81E0-DA4AFEF46402}.Release|Any CPU.ActiveCfg = Release|Any CPU
		{8F2078C5-4B93-48BC-81E0-DA4AFEF46402}.Release|Any CPU.Build.0 = Release|Any CPU
	EndGlobalSection
	GlobalSection(SolutionProperties) = preSolution
		HideSolutionNode = FALSE
	EndGlobalSection
	GlobalSection(NestedProjects) = preSolution
		{24F134B1-AECE-4DCF-8193-8CAB9CA8AAD1} = {621ABA4C-EDD2-4826-9E33-04343A2ED62B}
		{AC840C4B-FE4E-4684-9A90-EE97ACBC3809} = {621ABA4C-EDD2-4826-9E33-04343A2ED62B}
		{4EBC1FA3-A0B9-40D5-BAAE-9F1FDA12EC7C} = {621ABA4C-EDD2-4826-9E33-04343A2ED62B}
		{4A4ECE9A-B782-4F63-8611-8F3F5C84DA4D} = {0B79D59E-A32F-4E46-A6C4-3E392FDE9E0D}
		{8F2078C5-4B93-48BC-81E0-DA4AFEF46402} = {0B79D59E-A32F-4E46-A6C4-3E392FDE9E0D}
	EndGlobalSection
	GlobalSection(ExtensibilityGlobals) = postSolution
		SolutionGuid = {6DF5A50E-748D-4DFE-8092-89FA7470BA79}
	EndGlobalSection
EndGlobal
